
Microsoft Visual Studio Solution File, Format Version 12.00
# Visual Studio 2013
VisualStudioVersion = 12.0.21005.1
MinimumVisualStudioVersion = 10.0.40219.1
Project("{FAE04EC0-301F-11D3-BF4B-00C04F79EFBC}") = "LeetCode", "LeetCode\LeetCode.csproj", "{750B3149-27C7-44F3-B460-F4A2E5C9423A}"
EndProject
Project("{FAE04EC0-301F-11D3-BF4B-00C04F79EFBC}") = "LeetCode.Driver", "LeetCode.Driver\LeetCode.Driver.csproj", "{D35ACBA3-1DBE-4974-96F6-48F1525A6365}"
EndProject
Global
	GlobalSection(SolutionConfigurationPlatforms) = preSolution
		Debug|Any CPU = Debug|Any CPU
		Release|Any CPU = Release|Any CPU
	EndGlobalSection
	GlobalSection(ProjectConfigurationPlatforms) = postSolution
		{750B3149-27C7-44F3-B460-F4A2E5C9423A}.Debug|Any CPU.ActiveCfg = Debug|Any CPU
		{750B3149-27C7-44F3-B460-F4A2E5C9423A}.Debug|Any CPU.Build.0 = Debug|Any CPU
		{750B3149-27C7-44F3-B460-F4A2E5C9423A}.Release|Any CPU.ActiveCfg = Release|Any CPU
		{750B3149-27C7-44F3-B460-F4A2E5C9423A}.Release|Any CPU.Build.0 = Release|Any CPU
		{D35ACBA3-1DBE-4974-96F6-48F1525A6365}.Debug|Any CPU.ActiveCfg = Debug|Any CPU
		{D35ACBA3-1DBE-4974-96F6-48F1525A6365}.Debug|Any CPU.Build.0 = Debug|Any CPU
		{D35ACBA3-1DBE-4974-96F6-48F1525A6365}.Release|Any CPU.ActiveCfg = Release|Any CPU
		{D35ACBA3-1DBE-4974-96F6-48F1525A6365}.Release|Any CPU.Build.0 = Release|Any CPU
	EndGlobalSection
	GlobalSection(SolutionProperties) = preSolution
		HideSolutionNode = FALSE
	EndGlobalSection
EndGlobal
